
Microsoft Visual Studio Solution File, Format Version 12.00
# Visual Studio 15
VisualStudioVersion = 15.0.28307.1267
MinimumVisualStudioVersion = 10.0.40219.1
Project("{FAE04EC0-301F-11D3-BF4B-00C04F79EFBC}") = "LJH.GeneralLibrary", "GeneralLibrary\LJH.GeneralLibrary.csproj", "{B4CB506B-1C5A-493A-8437-0BCEC14A2DB4}"
EndProject
Project("{FAE04EC0-301F-11D3-BF4B-00C04F79EFBC}") = "SpeechTest", "SpeechTest\SpeechTest.csproj", "{2E5B2EFF-71A3-4304-B435-51192E5A3B2D}"
EndProject
Project("{FAE04EC0-301F-11D3-BF4B-00C04F79EFBC}") = "YCTTest", "YCTTest\YCTTest.csproj", "{E37F7C02-070F-47D5-A26D-36AA2107C8CA}"
EndProject
Project("{FAE04EC0-301F-11D3-BF4B-00C04F79EFBC}") = "WatchDog", "WatchDog\WatchDog.csproj", "{A5C1CE7C-1C90-406C-8AEA-0EBA9AB0E09F}"
EndProject
Project("{FAE04EC0-301F-11D3-BF4B-00C04F79EFBC}") = "SQLConnectionTest", "SQLConnectionTest\SQLConnectionTest.csproj", "{C50D3DF9-5B0E-418A-ADD9-C8B08F039F48}"
EndProject
Project("{FAE04EC0-301F-11D3-BF4B-00C04F79EFBC}") = "FormViewTest", "FormViewTest\FormViewTest.csproj", "{4538E83C-FBC7-4670-B2F3-0DA9C1AF5C15}"
EndProject
Project("{FAE04EC0-301F-11D3-BF4B-00C04F79EFBC}") = "DatabaseToolUI", "DatabaseToolUI\DatabaseToolUI.csproj", "{3E44798A-D2CA-4C7E-B6C5-467F7C260042}"
EndProject
Project("{FAE04EC0-301F-11D3-BF4B-00C04F79EFBC}") = "WindowControlTest", "WindowControlTest\WindowControlTest.csproj", "{014BF685-312A-47EF-8579-4EEAE1E4050B}"
EndProject
Project("{FAE04EC0-301F-11D3-BF4B-00C04F79EFBC}") = "TestProject1", "TestProject1\TestProject1.csproj", "{BAA558DB-5163-40AC-8B31-3A38C3748D55}"
EndProject
Project("{2150E333-8FDC-42A3-9474-1A3956D46DE8}") = "Solution Items", "Solution Items", "{6A0DB564-2506-48B0-BEAF-46CD3DA8159C}"
	ProjectSection(SolutionItems) = preProject
		Local.testsettings = Local.testsettings
		ShareLibrary.vsmdi = ShareLibrary.vsmdi
		TraceAndTestImpact.testsettings = TraceAndTestImpact.testsettings
	EndProjectSection
EndProject
Project("{FAE04EC0-301F-11D3-BF4B-00C04F79EFBC}") = "SoftDogWrite", "SoftDogWrite\SoftDogWrite.csproj", "{793F97A1-4260-4E84-B352-5F18D2D2BADC}"
EndProject
Project("{FAE04EC0-301F-11D3-BF4B-00C04F79EFBC}") = "ProcessBarTest", "ProcessBarTest\ProcessBarTest.csproj", "{3106B08A-6AE2-441A-8737-1BF89AA0B508}"
EndProject
Project("{FAE04EC0-301F-11D3-BF4B-00C04F79EFBC}") = "IDR210Test", "IDR210Test\IDR210Test.csproj", "{6B9EBB0E-2B05-47B1-8C7C-F83C55C57F48}"
EndProject
Project("{FAE04EC0-301F-11D3-BF4B-00C04F79EFBC}") = "ScanserTest", "ScanserTest\ScanserTest.csproj", "{1D588065-98C0-4156-8AD1-82C41321815F}"
EndProject
Project("{FAE04EC0-301F-11D3-BF4B-00C04F79EFBC}") = "SocketTest", "SocketTest\SocketTest.csproj", "{7BD9D09E-48B7-4845-A7AF-453278202EF5}"
EndProject
Global
	GlobalSection(SolutionConfigurationPlatforms) = preSolution
		Debug|Any CPU = Debug|Any CPU
		Debug|Mixed Platforms = Debug|Mixed Platforms
		Debug|x64 = Debug|x64
		Debug|x86 = Debug|x86
		Release|Any CPU = Release|Any CPU
		Release|Mixed Platforms = Release|Mixed Platforms
		Release|x64 = Release|x64
		Release|x86 = Release|x86
	EndGlobalSection
	GlobalSection(ProjectConfigurationPlatforms) = postSolution
		{B4CB506B-1C5A-493A-8437-0BCEC14A2DB4}.Debug|Any CPU.ActiveCfg = Debug|Any CPU
		{B4CB506B-1C5A-493A-8437-0BCEC14A2DB4}.Debug|Any CPU.Build.0 = Debug|Any CPU
		{B4CB506B-1C5A-493A-8437-0BCEC14A2DB4}.Debug|Mixed Platforms.ActiveCfg = Debug|x86
		{B4CB506B-1C5A-493A-8437-0BCEC14A2DB4}.Debug|Mixed Platforms.Build.0 = Debug|x86
		{B4CB506B-1C5A-493A-8437-0BCEC14A2DB4}.Debug|x64.ActiveCfg = Debug|x64
		{B4CB506B-1C5A-493A-8437-0BCEC14A2DB4}.Debug|x64.Build.0 = Debug|x64
		{B4CB506B-1C5A-493A-8437-0BCEC14A2DB4}.Debug|x86.ActiveCfg = Debug|x86
		{B4CB506B-1C5A-493A-8437-0BCEC14A2DB4}.Release|Any CPU.ActiveCfg = Release|Any CPU
		{B4CB506B-1C5A-493A-8437-0BCEC14A2DB4}.Release|Any CPU.Build.0 = Release|Any CPU
		{B4CB506B-1C5A-493A-8437-0BCEC14A2DB4}.Release|Mixed Platforms.ActiveCfg = Release|Any CPU
		{B4CB506B-1C5A-493A-8437-0BCEC14A2DB4}.Release|Mixed Platforms.Build.0 = Release|Any CPU
		{B4CB506B-1C5A-493A-8437-0BCEC14A2DB4}.Release|x64.ActiveCfg = Release|Any CPU
		{B4CB506B-1C5A-493A-8437-0BCEC14A2DB4}.Release|x64.Build.0 = Release|Any CPU
		{B4CB506B-1C5A-493A-8437-0BCEC14A2DB4}.Release|x86.ActiveCfg = Release|Any CPU
		{2E5B2EFF-71A3-4304-B435-51192E5A3B2D}.Debug|Any CPU.ActiveCfg = Debug|Any CPU
		{2E5B2EFF-71A3-4304-B435-51192E5A3B2D}.Debug|Any CPU.Build.0 = Debug|Any CPU
		{2E5B2EFF-71A3-4304-B435-51192E5A3B2D}.Debug|Mixed Platforms.ActiveCfg = Debug|x86
		{2E5B2EFF-71A3-4304-B435-51192E5A3B2D}.Debug|Mixed Platforms.Build.0 = Debug|x86
		{2E5B2EFF-71A3-4304-B435-51192E5A3B2D}.Debug|x64.ActiveCfg = Debug|Any CPU
		{2E5B2EFF-71A3-4304-B435-51192E5A3B2D}.Debug|x64.Build.0 = Debug|Any CPU
		{2E5B2EFF-71A3-4304-B435-51192E5A3B2D}.Debug|x86.ActiveCfg = Debug|Any CPU
		{2E5B2EFF-71A3-4304-B435-51192E5A3B2D}.Release|Any CPU.ActiveCfg = Release|Any CPU
		{2E5B2EFF-71A3-4304-B435-51192E5A3B2D}.Release|Any CPU.Build.0 = Release|Any CPU
		{2E5B2EFF-71A3-4304-B435-51192E5A3B2D}.Release|Mixed Platforms.ActiveCfg = Release|Any CPU
		{2E5B2EFF-71A3-4304-B435-51192E5A3B2D}.Release|Mixed Platforms.Build.0 = Release|Any CPU
		{2E5B2EFF-71A3-4304-B435-51192E5A3B2D}.Release|x64.ActiveCfg = Release|Any CPU
		{2E5B2EFF-71A3-4304-B435-51192E5A3B2D}.Release|x64.Build.0 = Release|Any CPU
		{2E5B2EFF-71A3-4304-B435-51192E5A3B2D}.Release|x86.ActiveCfg = Release|Any CPU
		{E37F7C02-070F-47D5-A26D-36AA2107C8CA}.Debug|Any CPU.ActiveCfg = Debug|Any CPU
		{E37F7C02-070F-47D5-A26D-36AA2107C8CA}.Debug|Any CPU.Build.0 = Debug|Any CPU
		{E37F7C02-070F-47D5-A26D-36AA2107C8CA}.Debug|Mixed Platforms.ActiveCfg = Debug|x86
		{E37F7C02-070F-47D5-A26D-36AA2107C8CA}.Debug|Mixed Platforms.Build.0 = Debug|x86
		{E37F7C02-070F-47D5-A26D-36AA2107C8CA}.Debug|x64.ActiveCfg = Debug|Any CPU
		{E37F7C02-070F-47D5-A26D-36AA2107C8CA}.Debug|x64.Build.0 = Debug|Any CPU
		{E37F7C02-070F-47D5-A26D-36AA2107C8CA}.Debug|x86.ActiveCfg = Debug|Any CPU
		{E37F7C02-070F-47D5-A26D-36AA2107C8CA}.Release|Any CPU.ActiveCfg = Release|Any CPU
		{E37F7C02-070F-47D5-A26D-36AA2107C8CA}.Release|Any CPU.Build.0 = Release|Any CPU
		{E37F7C02-070F-47D5-A26D-36AA2107C8CA}.Release|Mixed Platforms.ActiveCfg = Release|Any CPU
		{E37F7C02-070F-47D5-A26D-36AA2107C8CA}.Release|Mixed Platforms.Build.0 = Release|Any CPU
		{E37F7C02-070F-47D5-A26D-36AA2107C8CA}.Release|x64.ActiveCfg = Release|Any CPU
		{E37F7C02-070F-47D5-A26D-36AA2107C8CA}.Release|x64.Build.0 = Release|Any CPU
		{E37F7C02-070F-47D5-A26D-36AA2107C8CA}.Release|x86.ActiveCfg = Release|Any CPU
		{A5C1CE7C-1C90-406C-8AEA-0EBA9AB0E09F}.Debug|Any CPU.ActiveCfg = Debug|x86
		{A5C1CE7C-1C90-406C-8AEA-0EBA9AB0E09F}.Debug|Mixed Platforms.ActiveCfg = Debug|x86
		{A5C1CE7C-1C90-406C-8AEA-0EBA9AB0E09F}.Debug|Mixed Platforms.Build.0 = Debug|x86
		{A5C1CE7C-1C90-406C-8AEA-0EBA9AB0E09F}.Debug|x64.ActiveCfg = Debug|x86
		{A5C1CE7C-1C90-406C-8AEA-0EBA9AB0E09F}.Debug|x86.ActiveCfg = Debug|x86
		{A5C1CE7C-1C90-406C-8AEA-0EBA9AB0E09F}.Debug|x86.Build.0 = Debug|x86
		{A5C1CE7C-1C90-406C-8AEA-0EBA9AB0E09F}.Release|Any CPU.ActiveCfg = Release|x86
		{A5C1CE7C-1C90-406C-8AEA-0EBA9AB0E09F}.Release|Mixed Platforms.ActiveCfg = Release|x86
		{A5C1CE7C-1C90-406C-8AEA-0EBA9AB0E09F}.Release|Mixed Platforms.Build.0 = Release|x86
		{A5C1CE7C-1C90-406C-8AEA-0EBA9AB0E09F}.Release|x64.ActiveCfg = Release|x86
		{A5C1CE7C-1C90-406C-8AEA-0EBA9AB0E09F}.Release|x86.ActiveCfg = Release|x86
		{A5C1CE7C-1C90-406C-8AEA-0EBA9AB0E09F}.Release|x86.Build.0 = Release|x86
		{C50D3DF9-5B0E-418A-ADD9-C8B08F039F48}.Debug|Any CPU.ActiveCfg = Debug|x86
		{C50D3DF9-5B0E-418A-ADD9-C8B08F039F48}.Debug|Mixed Platforms.ActiveCfg = Debug|x86
		{C50D3DF9-5B0E-418A-ADD9-C8B08F039F48}.Debug|Mixed Platforms.Build.0 = Debug|x86
		{C50D3DF9-5B0E-418A-ADD9-C8B08F039F48}.Debug|x64.ActiveCfg = Debug|x86
		{C50D3DF9-5B0E-418A-ADD9-C8B08F039F48}.Debug|x86.ActiveCfg = Debug|x86
		{C50D3DF9-5B0E-418A-ADD9-C8B08F039F48}.Debug|x86.Build.0 = Debug|x86
		{C50D3DF9-5B0E-418A-ADD9-C8B08F039F48}.Release|Any CPU.ActiveCfg = Release|x86
		{C50D3DF9-5B0E-418A-ADD9-C8B08F039F48}.Release|Mixed Platforms.ActiveCfg = Release|x86
		{C50D3DF9-5B0E-418A-ADD9-C8B08F039F48}.Release|Mixed Platforms.Build.0 = Release|x86
		{C50D3DF9-5B0E-418A-ADD9-C8B08F039F48}.Release|x64.ActiveCfg = Release|x86
		{C50D3DF9-5B0E-418A-ADD9-C8B08F039F48}.Release|x86.ActiveCfg = Release|x86
		{C50D3DF9-5B0E-418A-ADD9-C8B08F039F48}.Release|x86.Build.0 = Release|x86
		{4538E83C-FBC7-4670-B2F3-0DA9C1AF5C15}.Debug|Any CPU.ActiveCfg = Debug|x86
		{4538E83C-FBC7-4670-B2F3-0DA9C1AF5C15}.Debug|Mixed Platforms.ActiveCfg = Debug|x86
		{4538E83C-FBC7-4670-B2F3-0DA9C1AF5C15}.Debug|Mixed Platforms.Build.0 = Debug|x86
		{4538E83C-FBC7-4670-B2F3-0DA9C1AF5C15}.Debug|x64.ActiveCfg = Debug|x86
		{4538E83C-FBC7-4670-B2F3-0DA9C1AF5C15}.Debug|x86.ActiveCfg = Debug|x86
		{4538E83C-FBC7-4670-B2F3-0DA9C1AF5C15}.Debug|x86.Build.0 = Debug|x86
		{4538E83C-FBC7-4670-B2F3-0DA9C1AF5C15}.Release|Any CPU.ActiveCfg = Release|x86
		{4538E83C-FBC7-4670-B2F3-0DA9C1AF5C15}.Release|Mixed Platforms.ActiveCfg = Release|x86
		{4538E83C-FBC7-4670-B2F3-0DA9C1AF5C15}.Release|Mixed Platforms.Build.0 = Release|x86
		{4538E83C-FBC7-4670-B2F3-0DA9C1AF5C15}.Release|x64.ActiveCfg = Release|x86
		{4538E83C-FBC7-4670-B2F3-0DA9C1AF5C15}.Release|x86.ActiveCfg = Release|x86
		{4538E83C-FBC7-4670-B2F3-0DA9C1AF5C15}.Release|x86.Build.0 = Release|x86
		{3E44798A-D2CA-4C7E-B6C5-467F7C260042}.Debug|Any CPU.ActiveCfg = Debug|Any CPU
		{3E44798A-D2CA-4C7E-B6C5-467F7C260042}.Debug|Any CPU.Build.0 = Debug|Any CPU
		{3E44798A-D2CA-4C7E-B6C5-467F7C260042}.Debug|Mixed Platforms.ActiveCfg = Debug|x86
		{3E44798A-D2CA-4C7E-B6C5-467F7C260042}.Debug|Mixed Platforms.Build.0 = Debug|x86
		{3E44798A-D2CA-4C7E-B6C5-467F7C260042}.Debug|x64.ActiveCfg = Debug|Any CPU
		{3E44798A-D2CA-4C7E-B6C5-467F7C260042}.Debug|x64.Build.0 = Debug|Any CPU
		{3E44798A-D2CA-4C7E-B6C5-467F7C260042}.Debug|x86.ActiveCfg = Debug|Any CPU
		{3E44798A-D2CA-4C7E-B6C5-467F7C260042}.Release|Any CPU.ActiveCfg = Release|Any CPU
		{3E44798A-D2CA-4C7E-B6C5-467F7C260042}.Release|Any CPU.Build.0 = Release|Any CPU
		{3E44798A-D2CA-4C7E-B6C5-467F7C260042}.Release|Mixed Platforms.ActiveCfg = Release|Any CPU
		{3E44798A-D2CA-4C7E-B6C5-467F7C260042}.Release|Mixed Platforms.Build.0 = Release|Any CPU
		{3E44798A-D2CA-4C7E-B6C5-467F7C260042}.Release|x64.ActiveCfg = Release|Any CPU
		{3E44798A-D2CA-4C7E-B6C5-467F7C260042}.Release|x64.Build.0 = Release|Any CPU
		{3E44798A-D2CA-4C7E-B6C5-467F7C260042}.Release|x86.ActiveCfg = Release|Any CPU
		{014BF685-312A-47EF-8579-4EEAE1E4050B}.Debug|Any CPU.ActiveCfg = Debug|x86
		{014BF685-312A-47EF-8579-4EEAE1E4050B}.Debug|Mixed Platforms.ActiveCfg = Debug|x86
		{014BF685-312A-47EF-8579-4EEAE1E4050B}.Debug|Mixed Platforms.Build.0 = Debug|x86
		{014BF685-312A-47EF-8579-4EEAE1E4050B}.Debug|x64.ActiveCfg = Debug|x86
		{014BF685-312A-47EF-8579-4EEAE1E4050B}.Debug|x86.ActiveCfg = Debug|x86
		{014BF685-312A-47EF-8579-4EEAE1E4050B}.Debug|x86.Build.0 = Debug|x86
		{014BF685-312A-47EF-8579-4EEAE1E4050B}.Release|Any CPU.ActiveCfg = Release|x86
		{014BF685-312A-47EF-8579-4EEAE1E4050B}.Release|Mixed Platforms.ActiveCfg = Release|x86
		{014BF685-312A-47EF-8579-4EEAE1E4050B}.Release|Mixed Platforms.Build.0 = Release|x86
		{014BF685-312A-47EF-8579-4EEAE1E4050B}.Release|x64.ActiveCfg = Release|x86
		{014BF685-312A-47EF-8579-4EEAE1E4050B}.Release|x86.ActiveCfg = Release|x86
		{014BF685-312A-47EF-8579-4EEAE1E4050B}.Release|x86.Build.0 = Release|x86
		{BAA558DB-5163-40AC-8B31-3A38C3748D55}.Debug|Any CPU.ActiveCfg = Debug|Any CPU
		{BAA558DB-5163-40AC-8B31-3A38C3748D55}.Debug|Any CPU.Build.0 = Debug|Any CPU
		{BAA558DB-5163-40AC-8B31-3A38C3748D55}.Debug|Mixed Platforms.ActiveCfg = Debug|Any CPU
		{BAA558DB-5163-40AC-8B31-3A38C3748D55}.Debug|Mixed Platforms.Build.0 = Debug|Any CPU
		{BAA558DB-5163-40AC-8B31-3A38C3748D55}.Debug|x64.ActiveCfg = Debug|Any CPU
		{BAA558DB-5163-40AC-8B31-3A38C3748D55}.Debug|x64.Build.0 = Debug|Any CPU
		{BAA558DB-5163-40AC-8B31-3A38C3748D55}.Debug|x86.ActiveCfg = Debug|Any CPU
		{BAA558DB-5163-40AC-8B31-3A38C3748D55}.Release|Any CPU.ActiveCfg = Release|Any CPU
		{BAA558DB-5163-40AC-8B31-3A38C3748D55}.Release|Any CPU.Build.0 = Release|Any CPU
		{BAA558DB-5163-40AC-8B31-3A38C3748D55}.Release|Mixed Platforms.ActiveCfg = Release|Any CPU
		{BAA558DB-5163-40AC-8B31-3A38C3748D55}.Release|Mixed Platforms.Build.0 = Release|Any CPU
		{BAA558DB-5163-40AC-8B31-3A38C3748D55}.Release|x64.ActiveCfg = Release|Any CPU
		{BAA558DB-5163-40AC-8B31-3A38C3748D55}.Release|x64.Build.0 = Release|Any CPU
		{BAA558DB-5163-40AC-8B31-3A38C3748D55}.Release|x86.ActiveCfg = Release|Any CPU
		{793F97A1-4260-4E84-B352-5F18D2D2BADC}.Debug|Any CPU.ActiveCfg = Debug|x86
		{793F97A1-4260-4E84-B352-5F18D2D2BADC}.Debug|Mixed Platforms.ActiveCfg = Debug|x86
		{793F97A1-4260-4E84-B352-5F18D2D2BADC}.Debug|Mixed Platforms.Build.0 = Debug|x86
		{793F97A1-4260-4E84-B352-5F18D2D2BADC}.Debug|x64.ActiveCfg = Debug|x86
		{793F97A1-4260-4E84-B352-5F18D2D2BADC}.Debug|x86.ActiveCfg = Debug|x86
		{793F97A1-4260-4E84-B352-5F18D2D2BADC}.Debug|x86.Build.0 = Debug|x86
		{793F97A1-4260-4E84-B352-5F18D2D2BADC}.Release|Any CPU.ActiveCfg = Release|x86
		{793F97A1-4260-4E84-B352-5F18D2D2BADC}.Release|Mixed Platforms.ActiveCfg = Release|x86
		{793F97A1-4260-4E84-B352-5F18D2D2BADC}.Release|Mixed Platforms.Build.0 = Release|x86
		{793F97A1-4260-4E84-B352-5F18D2D2BADC}.Release|x64.ActiveCfg = Release|x86
		{793F97A1-4260-4E84-B352-5F18D2D2BADC}.Release|x86.ActiveCfg = Release|x86
		{793F97A1-4260-4E84-B352-5F18D2D2BADC}.Release|x86.Build.0 = Release|x86
		{3106B08A-6AE2-441A-8737-1BF89AA0B508}.Debug|Any CPU.ActiveCfg = Debug|x86
		{3106B08A-6AE2-441A-8737-1BF89AA0B508}.Debug|Mixed Platforms.ActiveCfg = Debug|x86
		{3106B08A-6AE2-441A-8737-1BF89AA0B508}.Debug|Mixed Platforms.Build.0 = Debug|x86
		{3106B08A-6AE2-441A-8737-1BF89AA0B508}.Debug|x64.ActiveCfg = Debug|x86
		{3106B08A-6AE2-441A-8737-1BF89AA0B508}.Debug|x86.ActiveCfg = Debug|x86
		{3106B08A-6AE2-441A-8737-1BF89AA0B508}.Debug|x86.Build.0 = Debug|x86
		{3106B08A-6AE2-441A-8737-1BF89AA0B508}.Release|Any CPU.ActiveCfg = Release|x86
		{3106B08A-6AE2-441A-8737-1BF89AA0B508}.Release|Mixed Platforms.ActiveCfg = Release|x86
		{3106B08A-6AE2-441A-8737-1BF89AA0B508}.Release|Mixed Platforms.Build.0 = Release|x86
		{3106B08A-6AE2-441A-8737-1BF89AA0B508}.Release|x64.ActiveCfg = Release|x86
		{3106B08A-6AE2-441A-8737-1BF89AA0B508}.Release|x86.ActiveCfg = Release|x86
		{3106B08A-6AE2-441A-8737-1BF89AA0B508}.Release|x86.Build.0 = Release|x86
		{6B9EBB0E-2B05-47B1-8C7C-F83C55C57F48}.Debug|Any CPU.ActiveCfg = Debug|x86
		{6B9EBB0E-2B05-47B1-8C7C-F83C55C57F48}.Debug|Mixed Platforms.ActiveCfg = Debug|x86
		{6B9EBB0E-2B05-47B1-8C7C-F83C55C57F48}.Debug|Mixed Platforms.Build.0 = Debug|x86
		{6B9EBB0E-2B05-47B1-8C7C-F83C55C57F48}.Debug|x64.ActiveCfg = Debug|x86
		{6B9EBB0E-2B05-47B1-8C7C-F83C55C57F48}.Debug|x86.ActiveCfg = Debug|x86
		{6B9EBB0E-2B05-47B1-8C7C-F83C55C57F48}.Debug|x86.Build.0 = Debug|x86
		{6B9EBB0E-2B05-47B1-8C7C-F83C55C57F48}.Release|Any CPU.ActiveCfg = Release|x86
		{6B9EBB0E-2B05-47B1-8C7C-F83C55C57F48}.Release|Mixed Platforms.ActiveCfg = Release|x86
		{6B9EBB0E-2B05-47B1-8C7C-F83C55C57F48}.Release|Mixed Platforms.Build.0 = Release|x86
		{6B9EBB0E-2B05-47B1-8C7C-F83C55C57F48}.Release|x64.ActiveCfg = Release|x86
		{6B9EBB0E-2B05-47B1-8C7C-F83C55C57F48}.Release|x86.ActiveCfg = Release|x86
		{6B9EBB0E-2B05-47B1-8C7C-F83C55C57F48}.Release|x86.Build.0 = Release|x86
		{1D588065-98C0-4156-8AD1-82C41321815F}.Debug|Any CPU.ActiveCfg = Debug|x86
		{1D588065-98C0-4156-8AD1-82C41321815F}.Debug|Mixed Platforms.ActiveCfg = Debug|x86
		{1D588065-98C0-4156-8AD1-82C41321815F}.Debug|Mixed Platforms.Build.0 = Debug|x86
		{1D588065-98C0-4156-8AD1-82C41321815F}.Debug|x64.ActiveCfg = Debug|x86
		{1D588065-98C0-4156-8AD1-82C41321815F}.Debug|x86.ActiveCfg = Debug|x86
		{1D588065-98C0-4156-8AD1-82C41321815F}.Debug|x86.Build.0 = Debug|x86
		{1D588065-98C0-4156-8AD1-82C41321815F}.Release|Any CPU.ActiveCfg = Release|x86
		{1D588065-98C0-4156-8AD1-82C41321815F}.Release|Mixed Platforms.ActiveCfg = Release|x86
		{1D588065-98C0-4156-8AD1-82C41321815F}.Release|Mixed Platforms.Build.0 = Release|x86
		{1D588065-98C0-4156-8AD1-82C41321815F}.Release|x64.ActiveCfg = Release|x86
		{1D588065-98C0-4156-8AD1-82C41321815F}.Release|x86.ActiveCfg = Release|x86
		{1D588065-98C0-4156-8AD1-82C41321815F}.Release|x86.Build.0 = Release|x86
		{7BD9D09E-48B7-4845-A7AF-453278202EF5}.Debug|Any CPU.ActiveCfg = Debug|x86
		{7BD9D09E-48B7-4845-A7AF-453278202EF5}.Debug|Mixed Platforms.ActiveCfg = Debug|x86
		{7BD9D09E-48B7-4845-A7AF-453278202EF5}.Debug|Mixed Platforms.Build.0 = Debug|x86
		{7BD9D09E-48B7-4845-A7AF-453278202EF5}.Debug|x64.ActiveCfg = Debug|x86
		{7BD9D09E-48B7-4845-A7AF-453278202EF5}.Debug|x86.ActiveCfg = Debug|x86
		{7BD9D09E-48B7-4845-A7AF-453278202EF5}.Debug|x86.Build.0 = Debug|x86
		{7BD9D09E-48B7-4845-A7AF-453278202EF5}.Release|Any CPU.ActiveCfg = Release|x86
		{7BD9D09E-48B7-4845-A7AF-453278202EF5}.Release|Mixed Platforms.ActiveCfg = Release|x86
		{7BD9D09E-48B7-4845-A7AF-453278202EF5}.Release|Mixed Platforms.Build.0 = Release|x86
		{7BD9D09E-48B7-4845-A7AF-453278202EF5}.Release|x64.ActiveCfg = Release|x86
		{7BD9D09E-48B7-4845-A7AF-453278202EF5}.Release|x86.ActiveCfg = Release|x86
		{7BD9D09E-48B7-4845-A7AF-453278202EF5}.Release|x86.Build.0 = Release|x86
	EndGlobalSection
	GlobalSection(SolutionProperties) = preSolution
		HideSolutionNode = FALSE
	EndGlobalSection
	GlobalSection(ExtensibilityGlobals) = postSolution
		SolutionGuid = {5909BAA1-CC92-41B9-91ED-DED50D04C401}
	EndGlobalSection
	GlobalSection(TestCaseManagementSettings) = postSolution
		CategoryFile = ShareLibrary.vsmdi
	EndGlobalSection
EndGlobal
